// !$*UTF8*$!
{
	archiveVersion = 1;
	classes = {
	};
	objectVersion = 46;
	objects = {

/* Begin PBXBuildFile section */
		962833451980F35700EE85E7 /* setting.plist in Resources */ = {isa = PBXBuildFile; fileRef = 962833441980F35700EE85E7 /* setting.plist */; };
		9628334B1980F9D900EE85E7 /* ZCSelfCenterViewController.m in Sources */ = {isa = PBXBuildFile; fileRef = 962833481980F9D900EE85E7 /* ZCSelfCenterViewController.m */; };
		9628334C1980F9D900EE85E7 /* ZCSettingsViewController.m in Sources */ = {isa = PBXBuildFile; fileRef = 9628334A1980F9D900EE85E7 /* ZCSettingsViewController.m */; };
		9628334F1981035D00EE85E7 /* ZCsettingCell.m in Sources */ = {isa = PBXBuildFile; fileRef = 9628334E1981035D00EE85E7 /* ZCsettingCell.m */; };
		962BD7A6197C1B8C00FD0156 /* Dictionary.xcdatamodeld in Sources */ = {isa = PBXBuildFile; fileRef = 962BD79E197C1B8C00FD0156 /* Dictionary.xcdatamodeld */; };
		962BD7A7197C1B8C00FD0156 /* Word.m in Sources */ = {isa = PBXBuildFile; fileRef = 962BD7A1197C1B8C00FD0156 /* Word.m */; };
		962BD7A8197C1B8C00FD0156 /* Words.m in Sources */ = {isa = PBXBuildFile; fileRef = 962BD7A3197C1B8C00FD0156 /* Words.m */; };
		962BD7AB197C24CB00FD0156 /* Images.xcassets in Resources */ = {isa = PBXBuildFile; fileRef = 962BD7AA197C24CB00FD0156 /* Images.xcassets */; };
		963A5997197649B800363D38 /* Version info.m in Sources */ = {isa = PBXBuildFile; fileRef = 963A5996197649B800363D38 /* Version info.m */; };
		96457AC31981137200E00932 /* ZCAboutViewController.m in Sources */ = {isa = PBXBuildFile; fileRef = 96457AC21981137200E00932 /* ZCAboutViewController.m */; };
		965929DE197A7BDC002CB5D2 /* Reveal.framework in Frameworks */ = {isa = PBXBuildFile; fileRef = 965929DD197A7BDC002CB5D2 /* Reveal.framework */; };
		965B58DF197D33DC000289D2 /* ZCTableViewCell.m in Sources */ = {isa = PBXBuildFile; fileRef = 965B58DD197D33DC000289D2 /* ZCTableViewCell.m */; };
		965F332E197E3401005BBA14 /* ZCUIColor+Extension.m in Sources */ = {isa = PBXBuildFile; fileRef = 965F332D197E3401005BBA14 /* ZCUIColor+Extension.m */; };
		96738E38197C027D00592764 /* ZCNoHighLightBtn.m in Sources */ = {isa = PBXBuildFile; fileRef = 96738E2F197C027D00592764 /* ZCNoHighLightBtn.m */; };
		96738E39197C027D00592764 /* ZCTabBarView.m in Sources */ = {isa = PBXBuildFile; fileRef = 96738E31197C027D00592764 /* ZCTabBarView.m */; };
		96738E40197C031F00592764 /* ViewController.m in Sources */ = {isa = PBXBuildFile; fileRef = 96738E3F197C031F00592764 /* ViewController.m */; };
		96738E48197C036300592764 /* ZCScheduleDetailController.m in Sources */ = {isa = PBXBuildFile; fileRef = 96738E45197C036300592764 /* ZCScheduleDetailController.m */; };
		96738E49197C036300592764 /* ZCScheduleTableViewController.m in Sources */ = {isa = PBXBuildFile; fileRef = 96738E47197C036300592764 /* ZCScheduleTableViewController.m */; };
		96738E4F197C03D000592764 /* ZCDetailViewController.m in Sources */ = {isa = PBXBuildFile; fileRef = 96738E4C197C03D000592764 /* ZCDetailViewController.m */; };
		96738E50197C03D000592764 /* ZCVocListTableViewController.m in Sources */ = {isa = PBXBuildFile; fileRef = 96738E4E197C03D000592764 /* ZCVocListTableViewController.m */; };
		96738E5B197C049000592764 /* AppDelegate.m in Sources */ = {isa = PBXBuildFile; fileRef = 96738E57197C049000592764 /* AppDelegate.m */; };
		96738E5C197C049000592764 /* Info.plist in Resources */ = {isa = PBXBuildFile; fileRef = 96738E58197C049000592764 /* Info.plist */; };
		96738E5D197C049000592764 /* main.m in Sources */ = {isa = PBXBuildFile; fileRef = 96738E59197C049000592764 /* main.m */; };
		968D8CD4197CAFA700FF7C6C /* Words.m in Sources */ = {isa = PBXBuildFile; fileRef = 962BD7A3197C1B8C00FD0156 /* Words.m */; };
		968D8CD6197CAFA700FF7C6C /* ZCScheduleTableViewController.m in Sources */ = {isa = PBXBuildFile; fileRef = 96738E47197C036300592764 /* ZCScheduleTableViewController.m */; };
		968D8CD8197CAFA700FF7C6C /* FBShimmeringView.m in Sources */ = {isa = PBXBuildFile; fileRef = 96D858B319753A2F0070226F /* FBShimmeringView.m */; };
		968D8CDB197CAFA700FF7C6C /* ZCMessageSoundEffect.m in Sources */ = {isa = PBXBuildFile; fileRef = 96D858731974F8B50070226F /* ZCMessageSoundEffect.m */; };
		968D8CDD197CAFA700FF7C6C /* ZCDetailViewController.m in Sources */ = {isa = PBXBuildFile; fileRef = 96738E4C197C03D000592764 /* ZCDetailViewController.m */; };
		968D8CDE197CAFA700FF7C6C /* ZCTabBarView.m in Sources */ = {isa = PBXBuildFile; fileRef = 96738E31197C027D00592764 /* ZCTabBarView.m */; };
		968D8CE0197CAFA700FF7C6C /* ViewController.m in Sources */ = {isa = PBXBuildFile; fileRef = 96738E3F197C031F00592764 /* ViewController.m */; };
		968D8CE1197CAFA700FF7C6C /* ZCVocListTableViewController.m in Sources */ = {isa = PBXBuildFile; fileRef = 96738E4E197C03D000592764 /* ZCVocListTableViewController.m */; };
		968D8CE2197CAFA700FF7C6C /* Word.m in Sources */ = {isa = PBXBuildFile; fileRef = 962BD7A1197C1B8C00FD0156 /* Word.m */; };
		968D8CE3197CAFA700FF7C6C /* FBShimmeringLayer.m in Sources */ = {isa = PBXBuildFile; fileRef = 96D858B119753A2F0070226F /* FBShimmeringLayer.m */; };
		968D8CE4197CAFA700FF7C6C /* main.m in Sources */ = {isa = PBXBuildFile; fileRef = 96738E59197C049000592764 /* main.m */; };
		968D8CE5197CAFA700FF7C6C /* Version info.m in Sources */ = {isa = PBXBuildFile; fileRef = 963A5996197649B800363D38 /* Version info.m */; };
		968D8CE6197CAFA700FF7C6C /* Dictionary.xcdatamodeld in Sources */ = {isa = PBXBuildFile; fileRef = 962BD79E197C1B8C00FD0156 /* Dictionary.xcdatamodeld */; };
		968D8CE7197CAFA700FF7C6C /* ZCNoHighLightBtn.m in Sources */ = {isa = PBXBuildFile; fileRef = 96738E2F197C027D00592764 /* ZCNoHighLightBtn.m */; };
		968D8CE8197CAFA700FF7C6C /* UIImage+BoxBlur.m in Sources */ = {isa = PBXBuildFile; fileRef = 96CBD204197B69DD00BE42CA /* UIImage+BoxBlur.m */; };
		968D8CEA197CAFA700FF7C6C /* SoundEffects.m in Sources */ = {isa = PBXBuildFile; fileRef = 96D858711974F8B50070226F /* SoundEffects.m */; };
		968D8CEB197CAFA700FF7C6C /* AppDelegate.m in Sources */ = {isa = PBXBuildFile; fileRef = 96738E57197C049000592764 /* AppDelegate.m */; };
		968D8CEC197CAFA700FF7C6C /* UIERealTimeBlurView.m in Sources */ = {isa = PBXBuildFile; fileRef = 96CBD202197B69DD00BE42CA /* UIERealTimeBlurView.m */; };
		968D8CED197CAFA700FF7C6C /* ZCScheduleDetailController.m in Sources */ = {isa = PBXBuildFile; fileRef = 96738E45197C036300592764 /* ZCScheduleDetailController.m */; };
		968D8CEE197CAFA700FF7C6C /* MBProgressHUD.m in Sources */ = {isa = PBXBuildFile; fileRef = 96D8586B1974F8B50070226F /* MBProgressHUD.m */; };
		968D8CF0197CAFA700FF7C6C /* Reveal.framework in Frameworks */ = {isa = PBXBuildFile; fileRef = 965929DD197A7BDC002CB5D2 /* Reveal.framework */; };
		968D8CF2197CAFA700FF7C6C /* messageSent.aiff in Resources */ = {isa = PBXBuildFile; fileRef = 96D8586F1974F8B50070226F /* messageSent.aiff */; };
		968D8CF3197CAFA700FF7C6C /* Images.xcassets in Resources */ = {isa = PBXBuildFile; fileRef = 962BD7AA197C24CB00FD0156 /* Images.xcassets */; };
		968D8CF5197CAFA700FF7C6C /* Info.plist in Resources */ = {isa = PBXBuildFile; fileRef = 96738E58197C049000592764 /* Info.plist */; };
		968D8CF6197CAFA700FF7C6C /* Version info.txt in Resources */ = {isa = PBXBuildFile; fileRef = 96EC5ECC197141A200978262 /* Version info.txt */; };
		968D8CF7197CAFA700FF7C6C /* messageReceived.aiff in Resources */ = {isa = PBXBuildFile; fileRef = 96D8586E1974F8B50070226F /* messageReceived.aiff */; };
		968D8CF8197CAFA700FF7C6C /* alert.aiff in Resources */ = {isa = PBXBuildFile; fileRef = 96D858791974FA9E0070226F /* alert.aiff */; };
		968D8CF9197CAFA700FF7C6C /* words.plist in Resources */ = {isa = PBXBuildFile; fileRef = 96EC5EDD19714DE800978262 /* words.plist */; };
		96AFA1CB1990E62000482EA7 /* MCFireworksButton.m in Sources */ = {isa = PBXBuildFile; fileRef = 96AFA1C81990E62000482EA7 /* MCFireworksButton.m */; };
		96AFA1CC1990E62000482EA7 /* MCFireworksView.m in Sources */ = {isa = PBXBuildFile; fileRef = 96AFA1CA1990E62000482EA7 /* MCFireworksView.m */; };
		96AFA1D219913D7C00482EA7 /* DasboardView.m in Sources */ = {isa = PBXBuildFile; fileRef = 96AFA1D119913D7C00482EA7 /* DasboardView.m */; };
		96AFA1E11991E8D300482EA7 /* CALayer+Animation.m in Sources */ = {isa = PBXBuildFile; fileRef = 96AFA1D71991E8D300482EA7 /* CALayer+Animation.m */; };
		96AFA1E21991E8D300482EA7 /* NSString+Path.m in Sources */ = {isa = PBXBuildFile; fileRef = 96AFA1DA1991E8D300482EA7 /* NSString+Path.m */; };
		96AFA1E31991E8D300482EA7 /* UIImage+Tools.m in Sources */ = {isa = PBXBuildFile; fileRef = 96AFA1DC1991E8D300482EA7 /* UIImage+Tools.m */; };
		96AFA1E41991E8D300482EA7 /* UIView+Extension.m in Sources */ = {isa = PBXBuildFile; fileRef = 96AFA1DE1991E8D300482EA7 /* UIView+Extension.m */; };
		96AFA1E51991E8D300482EA7 /* ZCFilePathManager.m in Sources */ = {isa = PBXBuildFile; fileRef = 96AFA1E01991E8D300482EA7 /* ZCFilePathManager.m */; };
		96CBD205197B69DD00BE42CA /* UIERealTimeBlurView.m in Sources */ = {isa = PBXBuildFile; fileRef = 96CBD202197B69DD00BE42CA /* UIERealTimeBlurView.m */; };
		96CBD206197B69DD00BE42CA /* UIImage+BoxBlur.m in Sources */ = {isa = PBXBuildFile; fileRef = 96CBD204197B69DD00BE42CA /* UIImage+BoxBlur.m */; };
		96D2BE6A19686A5F0071E548 /* wordListTests.m in Sources */ = {isa = PBXBuildFile; fileRef = 96D2BE6919686A5F0071E548 /* wordListTests.m */; };
		96D858741974F8B50070226F /* MBProgressHUD.m in Sources */ = {isa = PBXBuildFile; fileRef = 96D8586B1974F8B50070226F /* MBProgressHUD.m */; };
		96D858751974F8B50070226F /* messageReceived.aiff in Resources */ = {isa = PBXBuildFile; fileRef = 96D8586E1974F8B50070226F /* messageReceived.aiff */; };
		96D858761974F8B50070226F /* messageSent.aiff in Resources */ = {isa = PBXBuildFile; fileRef = 96D8586F1974F8B50070226F /* messageSent.aiff */; };
		96D858771974F8B50070226F /* SoundEffects.m in Sources */ = {isa = PBXBuildFile; fileRef = 96D858711974F8B50070226F /* SoundEffects.m */; };
		96D858781974F8B50070226F /* ZCMessageSoundEffect.m in Sources */ = {isa = PBXBuildFile; fileRef = 96D858731974F8B50070226F /* ZCMessageSoundEffect.m */; };
		96D8587A1974FA9E0070226F /* alert.aiff in Resources */ = {isa = PBXBuildFile; fileRef = 96D858791974FA9E0070226F /* alert.aiff */; };
		96D858B419753A2F0070226F /* FBShimmeringLayer.m in Sources */ = {isa = PBXBuildFile; fileRef = 96D858B119753A2F0070226F /* FBShimmeringLayer.m */; };
		96D858B519753A2F0070226F /* FBShimmeringView.m in Sources */ = {isa = PBXBuildFile; fileRef = 96D858B319753A2F0070226F /* FBShimmeringView.m */; };
		96D90130198B72A2000F9915 /* DKCircleButton.m in Sources */ = {isa = PBXBuildFile; fileRef = 96D9012D198B72A2000F9915 /* DKCircleButton.m */; };
		96D90131198B72A2000F9915 /* ZCWelcomeView.m in Sources */ = {isa = PBXBuildFile; fileRef = 96D9012F198B72A2000F9915 /* ZCWelcomeView.m */; };
		96DCD069198A5A9A00E49A7A /* ZCWordsView.m in Sources */ = {isa = PBXBuildFile; fileRef = 96DCD068198A5A9A00E49A7A /* ZCWordsView.m */; };
		96DCF12319812FE300FC39EF /* ZCLoginViewController.m in Sources */ = {isa = PBXBuildFile; fileRef = 96DCF12219812FE300FC39EF /* ZCLoginViewController.m */; };
		96DCF1871982255900FC39EF /* ZCDataCenter.m in Sources */ = {isa = PBXBuildFile; fileRef = 96DCF1861982255900FC39EF /* ZCDataCenter.m */; };
		96DCF18F1982259000FC39EF /* ZCbBaiscViewController.m in Sources */ = {isa = PBXBuildFile; fileRef = 96DCF18A1982259000FC39EF /* ZCbBaiscViewController.m */; };
		96DCF1901982259000FC39EF /* ZCNaviController.m in Sources */ = {isa = PBXBuildFile; fileRef = 96DCF18C1982259000FC39EF /* ZCNaviController.m */; };
		96DCF1911982259000FC39EF /* ZCTabBarController.m in Sources */ = {isa = PBXBuildFile; fileRef = 96DCF18E1982259000FC39EF /* ZCTabBarController.m */; };
		96DCF1941982394200FC39EF /* ZCWord.m in Sources */ = {isa = PBXBuildFile; fileRef = 96DCF1931982394200FC39EF /* ZCWord.m */; };
		96DCF1961982448300FC39EF /* wordsData.plist in Resources */ = {isa = PBXBuildFile; fileRef = 96DCF1951982448300FC39EF /* wordsData.plist */; };
		96DDD628198BACDC00F3D950 /* ZCWelDashboardView.m in Sources */ = {isa = PBXBuildFile; fileRef = 96DDD627198BACDC00F3D950 /* ZCWelDashboardView.m */; };
		96EC5ECD197141A200978262 /* Version info.txt in Resources */ = {isa = PBXBuildFile; fileRef = 96EC5ECC197141A200978262 /* Version info.txt */; };
		96EC5EDE19714DE800978262 /* words.plist in Resources */ = {isa = PBXBuildFile; fileRef = 96EC5EDD19714DE800978262 /* words.plist */; };
		96F2B95D19800D3A00C84B97 /* ZCSelfInfoView.m in Sources */ = {isa = PBXBuildFile; fileRef = 96F2B95C19800D3A00C84B97 /* ZCSelfInfoView.m */; };
		96F2B95F19800D9100C84B97 /* ZCSelfInfoView.xib in Resources */ = {isa = PBXBuildFile; fileRef = 96F2B95E19800D9100C84B97 /* ZCSelfInfoView.xib */; };
		BB01A89C8B8F4C7A8B981E1F /* libPods.a in Frameworks */ = {isa = PBXBuildFile; fileRef = CE2D858119EE446EAAC9C056 /* libPods.a */; };
/* End PBXBuildFile section */

/* Begin PBXContainerItemProxy section */
		96B3B9CC196FF3A600B765AF /* PBXContainerItemProxy */ = {
			isa = PBXContainerItemProxy;
			containerPortal = 96D2BE4519686A5F0071E548 /* Project object */;
			proxyType = 1;
			remoteGlobalIDString = 96D2BE4C19686A5F0071E548;
			remoteInfo = wordList;
		};
		96B3B9CE196FF3A600B765AF /* PBXContainerItemProxy */ = {
			isa = PBXContainerItemProxy;
			containerPortal = 96D2BE4519686A5F0071E548 /* Project object */;
			proxyType = 1;
			remoteGlobalIDString = 96D2BE4C19686A5F0071E548;
			remoteInfo = wordList;
		};
		96D2BE6419686A5F0071E548 /* PBXContainerItemProxy */ = {
			isa = PBXContainerItemProxy;
			containerPortal = 96D2BE4519686A5F0071E548 /* Project object */;
			proxyType = 1;
			remoteGlobalIDString = 96D2BE4C19686A5F0071E548;
			remoteInfo = wordList;
		};
		96D707EF1970B43B00FF4E1F /* PBXContainerItemProxy */ = {
			isa = PBXContainerItemProxy;
			containerPortal = 96D2BE4519686A5F0071E548 /* Project object */;
			proxyType = 1;
			remoteGlobalIDString = 96D2BE4C19686A5F0071E548;
			remoteInfo = wordList;
		};
		96D707F11970B43B00FF4E1F /* PBXContainerItemProxy */ = {
			isa = PBXContainerItemProxy;
			containerPortal = 96D2BE4519686A5F0071E548 /* Project object */;
			proxyType = 1;
			remoteGlobalIDString = 96D2BE4C19686A5F0071E548;
			remoteInfo = wordList;
		};
		96D707F31970B51300FF4E1F /* PBXContainerItemProxy */ = {
			isa = PBXContainerItemProxy;
			containerPortal = 96D2BE4519686A5F0071E548 /* Project object */;
			proxyType = 1;
			remoteGlobalIDString = 96D2BE4C19686A5F0071E548;
			remoteInfo = wordList;
		};
		96D707F51970B52100FF4E1F /* PBXContainerItemProxy */ = {
			isa = PBXContainerItemProxy;
			containerPortal = 96D2BE4519686A5F0071E548 /* Project object */;
			proxyType = 1;
			remoteGlobalIDString = 96D2BE4C19686A5F0071E548;
			remoteInfo = wordList;
		};
		96D707F71970B52900FF4E1F /* PBXContainerItemProxy */ = {
			isa = PBXContainerItemProxy;
			containerPortal = 96D2BE4519686A5F0071E548 /* Project object */;
			proxyType = 1;
			remoteGlobalIDString = 96D2BE4C19686A5F0071E548;
			remoteInfo = wordList;
		};
		96D707F91970B52E00FF4E1F /* PBXContainerItemProxy */ = {
			isa = PBXContainerItemProxy;
			containerPortal = 96D2BE4519686A5F0071E548 /* Project object */;
			proxyType = 1;
			remoteGlobalIDString = 96D2BE4C19686A5F0071E548;
			remoteInfo = wordList;
		};
		96EC5EC81971407700978262 /* PBXContainerItemProxy */ = {
			isa = PBXContainerItemProxy;
			containerPortal = 96D2BE4519686A5F0071E548 /* Project object */;
			proxyType = 1;
			remoteGlobalIDString = 96D2BE4C19686A5F0071E548;
			remoteInfo = wordList;
		};
		96EC5ECA1971407700978262 /* PBXContainerItemProxy */ = {
			isa = PBXContainerItemProxy;
			containerPortal = 96D2BE4519686A5F0071E548 /* Project object */;
			proxyType = 1;
			remoteGlobalIDString = 96D2BE4C19686A5F0071E548;
			remoteInfo = wordList;
		};
		96EC5ECE1971478800978262 /* PBXContainerItemProxy */ = {
			isa = PBXContainerItemProxy;
			containerPortal = 96D2BE4519686A5F0071E548 /* Project object */;
			proxyType = 1;
			remoteGlobalIDString = 96D2BE4C19686A5F0071E548;
			remoteInfo = wordList;
		};
		96EC5ED31971495400978262 /* PBXContainerItemProxy */ = {
			isa = PBXContainerItemProxy;
			containerPortal = 96D2BE4519686A5F0071E548 /* Project object */;
			proxyType = 1;
			remoteGlobalIDString = 96D2BE4C19686A5F0071E548;
			remoteInfo = wordList;
		};
		96EC5ED519714CE000978262 /* PBXContainerItemProxy */ = {
			isa = PBXContainerItemProxy;
			containerPortal = 96D2BE4519686A5F0071E548 /* Project object */;
			proxyType = 1;
			remoteGlobalIDString = 96D2BE4C19686A5F0071E548;
			remoteInfo = wordList;
		};
		96EC5ED719714CE000978262 /* PBXContainerItemProxy */ = {
			isa = PBXContainerItemProxy;
			containerPortal = 96D2BE4519686A5F0071E548 /* Project object */;
			proxyType = 1;
			remoteGlobalIDString = 96D2BE4C19686A5F0071E548;
			remoteInfo = wordList;
		};
		96EC5ED919714CFE00978262 /* PBXContainerItemProxy */ = {
			isa = PBXContainerItemProxy;
			containerPortal = 96D2BE4519686A5F0071E548 /* Project object */;
			proxyType = 1;
			remoteGlobalIDString = 96D2BE4C19686A5F0071E548;
			remoteInfo = wordList;
		};
		96EC5EDB19714D3500978262 /* PBXContainerItemProxy */ = {
			isa = PBXContainerItemProxy;
			containerPortal = 96D2BE4519686A5F0071E548 /* Project object */;
			proxyType = 1;
			remoteGlobalIDString = 96D2BE4C19686A5F0071E548;
			remoteInfo = wordList;
		};
		96EC5F371972DEB800978262 /* PBXContainerItemProxy */ = {
			isa = PBXContainerItemProxy;
			containerPortal = 96D2BE4519686A5F0071E548 /* Project object */;
			proxyType = 1;
			remoteGlobalIDString = 96D2BE4C19686A5F0071E548;
			remoteInfo = wordList;
		};
/* End PBXContainerItemProxy section */

/* Begin PBXFileReference section */
		962833441980F35700EE85E7 /* setting.plist */ = {isa = PBXFileReference; fileEncoding = 4; lastKnownFileType = text.plist.xml; path = setting.plist; sourceTree = "<group>"; };
		962833471980F9D900EE85E7 /* ZCSelfCenterViewController.h */ = {isa = PBXFileReference; fileEncoding = 4; lastKnownFileType = sourcecode.c.h; path = ZCSelfCenterViewController.h; sourceTree = "<group>"; };
		962833481980F9D900EE85E7 /* ZCSelfCenterViewController.m */ = {isa = PBXFileReference; fileEncoding = 4; lastKnownFileType = sourcecode.c.objc; path = ZCSelfCenterViewController.m; sourceTree = "<group>"; };
		962833491980F9D900EE85E7 /* ZCSettingsViewController.h */ = {isa = PBXFileReference; fileEncoding = 4; lastKnownFileType = sourcecode.c.h; path = ZCSettingsViewController.h; sourceTree = "<group>"; };
		9628334A1980F9D900EE85E7 /* ZCSettingsViewController.m */ = {isa = PBXFileReference; fileEncoding = 4; lastKnownFileType = sourcecode.c.objc; path = ZCSettingsViewController.m; sourceTree = "<group>"; };
		9628334D1981035D00EE85E7 /* ZCsettingCell.h */ = {isa = PBXFileReference; fileEncoding = 4; lastKnownFileType = sourcecode.c.h; path = ZCsettingCell.h; sourceTree = "<group>"; };
		9628334E1981035D00EE85E7 /* ZCsettingCell.m */ = {isa = PBXFileReference; fileEncoding = 4; lastKnownFileType = sourcecode.c.objc; path = ZCsettingCell.m; sourceTree = "<group>"; };
		962BD79F197C1B8C00FD0156 /* Dictionary.xcdatamodel */ = {isa = PBXFileReference; lastKnownFileType = wrapper.xcdatamodel; path = Dictionary.xcdatamodel; sourceTree = "<group>"; };
		962BD7A0197C1B8C00FD0156 /* Word.h */ = {isa = PBXFileReference; fileEncoding = 4; lastKnownFileType = sourcecode.c.h; path = Word.h; sourceTree = "<group>"; };
		962BD7A1197C1B8C00FD0156 /* Word.m */ = {isa = PBXFileReference; fileEncoding = 4; lastKnownFileType = sourcecode.c.objc; path = Word.m; sourceTree = "<group>"; };
		962BD7A2197C1B8C00FD0156 /* Words.h */ = {isa = PBXFileReference; fileEncoding = 4; lastKnownFileType = sourcecode.c.h; path = Words.h; sourceTree = "<group>"; };
		962BD7A3197C1B8C00FD0156 /* Words.m */ = {isa = PBXFileReference; fileEncoding = 4; lastKnownFileType = sourcecode.c.objc; path = Words.m; sourceTree = "<group>"; };
		962BD7AA197C24CB00FD0156 /* Images.xcassets */ = {isa = PBXFileReference; lastKnownFileType = folder.assetcatalog; path = Images.xcassets; sourceTree = "<group>"; };
		963A5996197649B800363D38 /* Version info.m */ = {isa = PBXFileReference; fileEncoding = 4; lastKnownFileType = sourcecode.c.objc; path = "Version info.m"; sourceTree = "<group>"; };
		96457AC11981137200E00932 /* ZCAboutViewController.h */ = {isa = PBXFileReference; fileEncoding = 4; lastKnownFileType = sourcecode.c.h; path = ZCAboutViewController.h; sourceTree = "<group>"; };
		96457AC21981137200E00932 /* ZCAboutViewController.m */ = {isa = PBXFileReference; fileEncoding = 4; lastKnownFileType = sourcecode.c.objc; path = ZCAboutViewController.m; sourceTree = "<group>"; };
		965929DD197A7BDC002CB5D2 /* Reveal.framework */ = {isa = PBXFileReference; lastKnownFileType = wrapper.framework; path = Reveal.framework; sourceTree = "<group>"; };
		965B58DC197D33DC000289D2 /* ZCTableViewCell.h */ = {isa = PBXFileReference; fileEncoding = 4; lastKnownFileType = sourcecode.c.h; path = ZCTableViewCell.h; sourceTree = "<group>"; };
		965B58DD197D33DC000289D2 /* ZCTableViewCell.m */ = {isa = PBXFileReference; fileEncoding = 4; lastKnownFileType = sourcecode.c.objc; path = ZCTableViewCell.m; sourceTree = "<group>"; };
		965F332C197E3401005BBA14 /* ZCUIColor+Extension.h */ = {isa = PBXFileReference; fileEncoding = 4; lastKnownFileType = sourcecode.c.h; path = "ZCUIColor+Extension.h"; sourceTree = "<group>"; };
		965F332D197E3401005BBA14 /* ZCUIColor+Extension.m */ = {isa = PBXFileReference; fileEncoding = 4; lastKnownFileType = sourcecode.c.objc; path = "ZCUIColor+Extension.m"; sourceTree = "<group>"; };
		96738E2E197C027D00592764 /* ZCNoHighLightBtn.h */ = {isa = PBXFileReference; fileEncoding = 4; lastKnownFileType = sourcecode.c.h; path = ZCNoHighLightBtn.h; sourceTree = "<group>"; };
		96738E2F197C027D00592764 /* ZCNoHighLightBtn.m */ = {isa = PBXFileReference; fileEncoding = 4; lastKnownFileType = sourcecode.c.objc; path = ZCNoHighLightBtn.m; sourceTree = "<group>"; };
		96738E30197C027D00592764 /* ZCTabBarView.h */ = {isa = PBXFileReference; fileEncoding = 4; lastKnownFileType = sourcecode.c.h; path = ZCTabBarView.h; sourceTree = "<group>"; };
		96738E31197C027D00592764 /* ZCTabBarView.m */ = {isa = PBXFileReference; fileEncoding = 4; lastKnownFileType = sourcecode.c.objc; path = ZCTabBarView.m; sourceTree = "<group>"; };
		96738E3E197C031F00592764 /* ViewController.h */ = {isa = PBXFileReference; fileEncoding = 4; lastKnownFileType = sourcecode.c.h; path = ViewController.h; sourceTree = "<group>"; };
		96738E3F197C031F00592764 /* ViewController.m */ = {isa = PBXFileReference; fileEncoding = 4; lastKnownFileType = sourcecode.c.objc; path = ViewController.m; sourceTree = "<group>"; };
		96738E44197C036300592764 /* ZCScheduleDetailController.h */ = {isa = PBXFileReference; fileEncoding = 4; lastKnownFileType = sourcecode.c.h; path = ZCScheduleDetailController.h; sourceTree = "<group>"; };
		96738E45197C036300592764 /* ZCScheduleDetailController.m */ = {isa = PBXFileReference; fileEncoding = 4; lastKnownFileType = sourcecode.c.objc; path = ZCScheduleDetailController.m; sourceTree = "<group>"; };
		96738E46197C036300592764 /* ZCScheduleTableViewController.h */ = {isa = PBXFileReference; fileEncoding = 4; lastKnownFileType = sourcecode.c.h; path = ZCScheduleTableViewController.h; sourceTree = "<group>"; };
		96738E47197C036300592764 /* ZCScheduleTableViewController.m */ = {isa = PBXFileReference; fileEncoding = 4; lastKnownFileType = sourcecode.c.objc; path = ZCScheduleTableViewController.m; sourceTree = "<group>"; };
		96738E4B197C03D000592764 /* ZCDetailViewController.h */ = {isa = PBXFileReference; fileEncoding = 4; lastKnownFileType = sourcecode.c.h; path = ZCDetailViewController.h; sourceTree = "<group>"; };
		96738E4C197C03D000592764 /* ZCDetailViewController.m */ = {isa = PBXFileReference; fileEncoding = 4; lastKnownFileType = sourcecode.c.objc; path = ZCDetailViewController.m; sourceTree = "<group>"; };
		96738E4D197C03D000592764 /* ZCVocListTableViewController.h */ = {isa = PBXFileReference; fileEncoding = 4; lastKnownFileType = sourcecode.c.h; path = ZCVocListTableViewController.h; sourceTree = "<group>"; };
		96738E4E197C03D000592764 /* ZCVocListTableViewController.m */ = {isa = PBXFileReference; fileEncoding = 4; lastKnownFileType = sourcecode.c.objc; path = ZCVocListTableViewController.m; sourceTree = "<group>"; };
		96738E56197C049000592764 /* AppDelegate.h */ = {isa = PBXFileReference; fileEncoding = 4; lastKnownFileType = sourcecode.c.h; path = AppDelegate.h; sourceTree = "<group>"; };
		96738E57197C049000592764 /* AppDelegate.m */ = {isa = PBXFileReference; fileEncoding = 4; lastKnownFileType = sourcecode.c.objc; path = AppDelegate.m; sourceTree = "<group>"; };
		96738E58197C049000592764 /* Info.plist */ = {isa = PBXFileReference; fileEncoding = 4; lastKnownFileType = text.plist.xml; path = Info.plist; sourceTree = "<group>"; };
		96738E59197C049000592764 /* main.m */ = {isa = PBXFileReference; fileEncoding = 4; lastKnownFileType = sourcecode.c.objc; path = main.m; sourceTree = "<group>"; };
		968D8CFD197CAFA700FF7C6C /* wordList copy.app */ = {isa = PBXFileReference; explicitFileType = wrapper.application; includeInIndex = 0; path = "wordList copy.app"; sourceTree = BUILT_PRODUCTS_DIR; };
		96A7B6AE1983C2F600824388 /* Singleton.h */ = {isa = PBXFileReference; lastKnownFileType = sourcecode.c.h; path = Singleton.h; sourceTree = "<group>"; };
		96AFA1C71990E62000482EA7 /* MCFireworksButton.h */ = {isa = PBXFileReference; fileEncoding = 4; lastKnownFileType = sourcecode.c.h; path = MCFireworksButton.h; sourceTree = "<group>"; };
		96AFA1C81990E62000482EA7 /* MCFireworksButton.m */ = {isa = PBXFileReference; fileEncoding = 4; lastKnownFileType = sourcecode.c.objc; path = MCFireworksButton.m; sourceTree = "<group>"; };
		96AFA1C91990E62000482EA7 /* MCFireworksView.h */ = {isa = PBXFileReference; fileEncoding = 4; lastKnownFileType = sourcecode.c.h; path = MCFireworksView.h; sourceTree = "<group>"; };
		96AFA1CA1990E62000482EA7 /* MCFireworksView.m */ = {isa = PBXFileReference; fileEncoding = 4; lastKnownFileType = sourcecode.c.objc; path = MCFireworksView.m; sourceTree = "<group>"; };
		96AFA1D019913D7C00482EA7 /* DasboardView.h */ = {isa = PBXFileReference; fileEncoding = 4; lastKnownFileType = sourcecode.c.h; path = DasboardView.h; sourceTree = "<group>"; };
		96AFA1D119913D7C00482EA7 /* DasboardView.m */ = {isa = PBXFileReference; fileEncoding = 4; lastKnownFileType = sourcecode.c.objc; path = DasboardView.m; sourceTree = "<group>"; };
		96AFA1D41991E51500482EA7 /* PrefixHeader.pch */ = {isa = PBXFileReference; fileEncoding = 4; lastKnownFileType = sourcecode.c.h; path = PrefixHeader.pch; sourceTree = SOURCE_ROOT; };
		96AFA1D61991E8D300482EA7 /* CALayer+Animation.h */ = {isa = PBXFileReference; fileEncoding = 4; lastKnownFileType = sourcecode.c.h; path = "CALayer+Animation.h"; sourceTree = "<group>"; };
		96AFA1D71991E8D300482EA7 /* CALayer+Animation.m */ = {isa = PBXFileReference; fileEncoding = 4; lastKnownFileType = sourcecode.c.objc; path = "CALayer+Animation.m"; sourceTree = "<group>"; };
		96AFA1D81991E8D300482EA7 /* Common.h */ = {isa = PBXFileReference; fileEncoding = 4; lastKnownFileType = sourcecode.c.h; path = Common.h; sourceTree = "<group>"; };
		96AFA1D91991E8D300482EA7 /* NSString+Path.h */ = {isa = PBXFileReference; fileEncoding = 4; lastKnownFileType = sourcecode.c.h; path = "NSString+Path.h"; sourceTree = "<group>"; };
		96AFA1DA1991E8D300482EA7 /* NSString+Path.m */ = {isa = PBXFileReference; fileEncoding = 4; lastKnownFileType = sourcecode.c.objc; path = "NSString+Path.m"; sourceTree = "<group>"; };
		96AFA1DB1991E8D300482EA7 /* UIImage+Tools.h */ = {isa = PBXFileReference; fileEncoding = 4; lastKnownFileType = sourcecode.c.h; path = "UIImage+Tools.h"; sourceTree = "<group>"; };
		96AFA1DC1991E8D300482EA7 /* UIImage+Tools.m */ = {isa = PBXFileReference; fileEncoding = 4; lastKnownFileType = sourcecode.c.objc; path = "UIImage+Tools.m"; sourceTree = "<group>"; };
		96AFA1DD1991E8D300482EA7 /* UIView+Extension.h */ = {isa = PBXFileReference; fileEncoding = 4; lastKnownFileType = sourcecode.c.h; path = "UIView+Extension.h"; sourceTree = "<group>"; };
		96AFA1DE1991E8D300482EA7 /* UIView+Extension.m */ = {isa = PBXFileReference; fileEncoding = 4; lastKnownFileType = sourcecode.c.objc; path = "UIView+Extension.m"; sourceTree = "<group>"; };
		96AFA1DF1991E8D300482EA7 /* ZCFilePathManager.h */ = {isa = PBXFileReference; fileEncoding = 4; lastKnownFileType = sourcecode.c.h; path = ZCFilePathManager.h; sourceTree = "<group>"; };
		96AFA1E01991E8D300482EA7 /* ZCFilePathManager.m */ = {isa = PBXFileReference; fileEncoding = 4; lastKnownFileType = sourcecode.c.objc; path = ZCFilePathManager.m; sourceTree = "<group>"; };
		96CBD201197B69DD00BE42CA /* UIERealTimeBlurView.h */ = {isa = PBXFileReference; fileEncoding = 4; lastKnownFileType = sourcecode.c.h; path = UIERealTimeBlurView.h; sourceTree = "<group>"; };
		96CBD202197B69DD00BE42CA /* UIERealTimeBlurView.m */ = {isa = PBXFileReference; fileEncoding = 4; lastKnownFileType = sourcecode.c.objc; path = UIERealTimeBlurView.m; sourceTree = "<group>"; };
		96CBD203197B69DD00BE42CA /* UIImage+BoxBlur.h */ = {isa = PBXFileReference; fileEncoding = 4; lastKnownFileType = sourcecode.c.h; path = "UIImage+BoxBlur.h"; sourceTree = "<group>"; };
		96CBD204197B69DD00BE42CA /* UIImage+BoxBlur.m */ = {isa = PBXFileReference; fileEncoding = 4; lastKnownFileType = sourcecode.c.objc; path = "UIImage+BoxBlur.m"; sourceTree = "<group>"; };
		96D2BE4D19686A5F0071E548 /* wordList.app */ = {isa = PBXFileReference; explicitFileType = wrapper.application; includeInIndex = 0; path = wordList.app; sourceTree = BUILT_PRODUCTS_DIR; };
		96D2BE6319686A5F0071E548 /* wordListTests.xctest */ = {isa = PBXFileReference; explicitFileType = wrapper.cfbundle; includeInIndex = 0; path = wordListTests.xctest; sourceTree = BUILT_PRODUCTS_DIR; };
		96D2BE6819686A5F0071E548 /* Info.plist */ = {isa = PBXFileReference; lastKnownFileType = text.plist.xml; path = Info.plist; sourceTree = "<group>"; };
		96D2BE6919686A5F0071E548 /* wordListTests.m */ = {isa = PBXFileReference; lastKnownFileType = sourcecode.c.objc; path = wordListTests.m; sourceTree = "<group>"; };
		96D8586A1974F8B50070226F /* MBProgressHUD.h */ = {isa = PBXFileReference; fileEncoding = 4; lastKnownFileType = sourcecode.c.h; path = MBProgressHUD.h; sourceTree = "<group>"; };
		96D8586B1974F8B50070226F /* MBProgressHUD.m */ = {isa = PBXFileReference; fileEncoding = 4; lastKnownFileType = sourcecode.c.objc; path = MBProgressHUD.m; sourceTree = "<group>"; };
		96D8586E1974F8B50070226F /* messageReceived.aiff */ = {isa = PBXFileReference; lastKnownFileType = audio.aiff; path = messageReceived.aiff; sourceTree = "<group>"; };
		96D8586F1974F8B50070226F /* messageSent.aiff */ = {isa = PBXFileReference; lastKnownFileType = audio.aiff; path = messageSent.aiff; sourceTree = "<group>"; };
		96D858701974F8B50070226F /* SoundEffects.h */ = {isa = PBXFileReference; fileEncoding = 4; lastKnownFileType = sourcecode.c.h; path = SoundEffects.h; sourceTree = "<group>"; };
		96D858711974F8B50070226F /* SoundEffects.m */ = {isa = PBXFileReference; fileEncoding = 4; lastKnownFileType = sourcecode.c.objc; path = SoundEffects.m; sourceTree = "<group>"; };
		96D858721974F8B50070226F /* ZCMessageSoundEffect.h */ = {isa = PBXFileReference; fileEncoding = 4; lastKnownFileType = sourcecode.c.h; path = ZCMessageSoundEffect.h; sourceTree = "<group>"; };
		96D858731974F8B50070226F /* ZCMessageSoundEffect.m */ = {isa = PBXFileReference; fileEncoding = 4; lastKnownFileType = sourcecode.c.objc; path = ZCMessageSoundEffect.m; sourceTree = "<group>"; };
		96D858791974FA9E0070226F /* alert.aiff */ = {isa = PBXFileReference; lastKnownFileType = audio.aiff; path = alert.aiff; sourceTree = "<group>"; };
		96D858AE19753A2F0070226F /* FBShimmering-Prefix.pch */ = {isa = PBXFileReference; fileEncoding = 4; lastKnownFileType = sourcecode.c.h; path = "FBShimmering-Prefix.pch"; sourceTree = "<group>"; };
		96D858AF19753A2F0070226F /* FBShimmering.h */ = {isa = PBXFileReference; fileEncoding = 4; lastKnownFileType = sourcecode.c.h; path = FBShimmering.h; sourceTree = "<group>"; };
		96D858B019753A2F0070226F /* FBShimmeringLayer.h */ = {isa = PBXFileReference; fileEncoding = 4; lastKnownFileType = sourcecode.c.h; path = FBShimmeringLayer.h; sourceTree = "<group>"; };
		96D858B119753A2F0070226F /* FBShimmeringLayer.m */ = {isa = PBXFileReference; fileEncoding = 4; lastKnownFileType = sourcecode.c.objc; path = FBShimmeringLayer.m; sourceTree = "<group>"; };
		96D858B219753A2F0070226F /* FBShimmeringView.h */ = {isa = PBXFileReference; fileEncoding = 4; lastKnownFileType = sourcecode.c.h; path = FBShimmeringView.h; sourceTree = "<group>"; };
		96D858B319753A2F0070226F /* FBShimmeringView.m */ = {isa = PBXFileReference; fileEncoding = 4; lastKnownFileType = sourcecode.c.objc; path = FBShimmeringView.m; sourceTree = "<group>"; };
		96D9012C198B72A2000F9915 /* DKCircleButton.h */ = {isa = PBXFileReference; fileEncoding = 4; lastKnownFileType = sourcecode.c.h; path = DKCircleButton.h; sourceTree = "<group>"; };
		96D9012D198B72A2000F9915 /* DKCircleButton.m */ = {isa = PBXFileReference; fileEncoding = 4; lastKnownFileType = sourcecode.c.objc; path = DKCircleButton.m; sourceTree = "<group>"; };
		96D9012E198B72A2000F9915 /* ZCWelcomeView.h */ = {isa = PBXFileReference; fileEncoding = 4; lastKnownFileType = sourcecode.c.h; path = ZCWelcomeView.h; sourceTree = "<group>"; };
		96D9012F198B72A2000F9915 /* ZCWelcomeView.m */ = {isa = PBXFileReference; fileEncoding = 4; lastKnownFileType = sourcecode.c.objc; path = ZCWelcomeView.m; sourceTree = "<group>"; };
		96DCD067198A5A9A00E49A7A /* ZCWordsView.h */ = {isa = PBXFileReference; fileEncoding = 4; lastKnownFileType = sourcecode.c.h; name = ZCWordsView.h; path = views/ZCWordsView.h; sourceTree = "<group>"; };
		96DCD068198A5A9A00E49A7A /* ZCWordsView.m */ = {isa = PBXFileReference; fileEncoding = 4; lastKnownFileType = sourcecode.c.objc; name = ZCWordsView.m; path = views/ZCWordsView.m; sourceTree = "<group>"; };
		96DCF12119812FE300FC39EF /* ZCLoginViewController.h */ = {isa = PBXFileReference; fileEncoding = 4; lastKnownFileType = sourcecode.c.h; path = ZCLoginViewController.h; sourceTree = "<group>"; };
		96DCF12219812FE300FC39EF /* ZCLoginViewController.m */ = {isa = PBXFileReference; fileEncoding = 4; lastKnownFileType = sourcecode.c.objc; path = ZCLoginViewController.m; sourceTree = "<group>"; };
		96DCF1851982255900FC39EF /* ZCDataCenter.h */ = {isa = PBXFileReference; fileEncoding = 4; lastKnownFileType = sourcecode.c.h; path = ZCDataCenter.h; sourceTree = "<group>"; };
		96DCF1861982255900FC39EF /* ZCDataCenter.m */ = {isa = PBXFileReference; fileEncoding = 4; lastKnownFileType = sourcecode.c.objc; path = ZCDataCenter.m; sourceTree = "<group>"; };
		96DCF1891982259000FC39EF /* ZCbBaiscViewController.h */ = {isa = PBXFileReference; fileEncoding = 4; lastKnownFileType = sourcecode.c.h; path = ZCbBaiscViewController.h; sourceTree = "<group>"; };
		96DCF18A1982259000FC39EF /* ZCbBaiscViewController.m */ = {isa = PBXFileReference; fileEncoding = 4; lastKnownFileType = sourcecode.c.objc; path = ZCbBaiscViewController.m; sourceTree = "<group>"; };
		96DCF18B1982259000FC39EF /* ZCNaviController.h */ = {isa = PBXFileReference; fileEncoding = 4; lastKnownFileType = sourcecode.c.h; path = ZCNaviController.h; sourceTree = "<group>"; };
		96DCF18C1982259000FC39EF /* ZCNaviController.m */ = {isa = PBXFileReference; fileEncoding = 4; lastKnownFileType = sourcecode.c.objc; path = ZCNaviController.m; sourceTree = "<group>"; };
		96DCF18D1982259000FC39EF /* ZCTabBarController.h */ = {isa = PBXFileReference; fileEncoding = 4; lastKnownFileType = sourcecode.c.h; path = ZCTabBarController.h; sourceTree = "<group>"; };
		96DCF18E1982259000FC39EF /* ZCTabBarController.m */ = {isa = PBXFileReference; fileEncoding = 4; lastKnownFileType = sourcecode.c.objc; path = ZCTabBarController.m; sourceTree = "<group>"; };
		96DCF1921982394200FC39EF /* ZCWord.h */ = {isa = PBXFileReference; fileEncoding = 4; lastKnownFileType = sourcecode.c.h; path = ZCWord.h; sourceTree = "<group>"; };
		96DCF1931982394200FC39EF /* ZCWord.m */ = {isa = PBXFileReference; fileEncoding = 4; lastKnownFileType = sourcecode.c.objc; path = ZCWord.m; sourceTree = "<group>"; };
		96DCF1951982448300FC39EF /* wordsData.plist */ = {isa = PBXFileReference; fileEncoding = 4; lastKnownFileType = text.plist.xml; path = wordsData.plist; sourceTree = "<group>"; };
		96DDD626198BACDC00F3D950 /* ZCWelDashboardView.h */ = {isa = PBXFileReference; fileEncoding = 4; lastKnownFileType = sourcecode.c.h; path = ZCWelDashboardView.h; sourceTree = "<group>"; };
		96DDD627198BACDC00F3D950 /* ZCWelDashboardView.m */ = {isa = PBXFileReference; fileEncoding = 4; lastKnownFileType = sourcecode.c.objc; path = ZCWelDashboardView.m; sourceTree = "<group>"; };
		96EC5ECC197141A200978262 /* Version info.txt */ = {isa = PBXFileReference; fileEncoding = 4; lastKnownFileType = text; path = "Version info.txt"; sourceTree = "<group>"; };
		96EC5EDD19714DE800978262 /* words.plist */ = {isa = PBXFileReference; fileEncoding = 4; lastKnownFileType = text.plist.xml; path = words.plist; sourceTree = "<group>"; };
		96F2B95B19800D3A00C84B97 /* ZCSelfInfoView.h */ = {isa = PBXFileReference; fileEncoding = 4; lastKnownFileType = sourcecode.c.h; path = ZCSelfInfoView.h; sourceTree = "<group>"; };
		96F2B95C19800D3A00C84B97 /* ZCSelfInfoView.m */ = {isa = PBXFileReference; fileEncoding = 4; lastKnownFileType = sourcecode.c.objc; path = ZCSelfInfoView.m; sourceTree = "<group>"; };
		96F2B95E19800D9100C84B97 /* ZCSelfInfoView.xib */ = {isa = PBXFileReference; fileEncoding = 4; lastKnownFileType = file.xib; path = ZCSelfInfoView.xib; sourceTree = "<group>"; };
		CE2D858119EE446EAAC9C056 /* libPods.a */ = {isa = PBXFileReference; explicitFileType = archive.ar; includeInIndex = 0; path = libPods.a; sourceTree = BUILT_PRODUCTS_DIR; };
		D201B70159C64B0FA29BEC9F /* Pods.xcconfig */ = {isa = PBXFileReference; includeInIndex = 1; lastKnownFileType = text.xcconfig; name = Pods.xcconfig; path = Pods/Pods.xcconfig; sourceTree = "<group>"; };
/* End PBXFileReference section */

/* Begin PBXFrameworksBuildPhase section */
		968D8CEF197CAFA700FF7C6C /* Frameworks */ = {
			isa = PBXFrameworksBuildPhase;
			buildActionMask = 2147483647;
			files = (
				968D8CF0197CAFA700FF7C6C /* Reveal.framework in Frameworks */,
			);
			runOnlyForDeploymentPostprocessing = 0;
		};
		96D2BE4A19686A5F0071E548 /* Frameworks */ = {
			isa = PBXFrameworksBuildPhase;
			buildActionMask = 2147483647;
			files = (
				965929DE197A7BDC002CB5D2 /* Reveal.framework in Frameworks */,
				BB01A89C8B8F4C7A8B981E1F /* libPods.a in Frameworks */,
			);
			runOnlyForDeploymentPostprocessing = 0;
		};
		96D2BE6019686A5F0071E548 /* Frameworks */ = {
			isa = PBXFrameworksBuildPhase;
			buildActionMask = 2147483647;
			files = (
			);
			runOnlyForDeploymentPostprocessing = 0;
		};
/* End PBXFrameworksBuildPhase section */

/* Begin PBXGroup section */
		164F945C452949CF8CC1DF38 /* Frameworks */ = {
			isa = PBXGroup;
			children = (
				CE2D858119EE446EAAC9C056 /* libPods.a */,
			);
			name = Frameworks;
			sourceTree = "<group>";
		};
		962833461980F9D900EE85E7 /* vc */ = {
			isa = PBXGroup;
			children = (
				962833471980F9D900EE85E7 /* ZCSelfCenterViewController.h */,
				962833481980F9D900EE85E7 /* ZCSelfCenterViewController.m */,
				962833491980F9D900EE85E7 /* ZCSettingsViewController.h */,
				9628334A1980F9D900EE85E7 /* ZCSettingsViewController.m */,
				96457AC11981137200E00932 /* ZCAboutViewController.h */,
				96457AC21981137200E00932 /* ZCAboutViewController.m */,
				96DCF12119812FE300FC39EF /* ZCLoginViewController.h */,
				96DCF12219812FE300FC39EF /* ZCLoginViewController.m */,
			);
			path = vc;
			sourceTree = "<group>";
		};
		962BD79D197C1B8C00FD0156 /* model */ = {
			isa = PBXGroup;
			children = (
				962BD79E197C1B8C00FD0156 /* Dictionary.xcdatamodeld */,
				962BD7A0197C1B8C00FD0156 /* Word.h */,
				962BD7A1197C1B8C00FD0156 /* Word.m */,
				962BD7A2197C1B8C00FD0156 /* Words.h */,
				962BD7A3197C1B8C00FD0156 /* Words.m */,
			);
			name = model;
			path = Classes/model;
			sourceTree = "<group>";
		};
		965B58DB197D339D000289D2 /* view */ = {
			isa = PBXGroup;
			children = (
				965B58DC197D33DC000289D2 /* ZCTableViewCell.h */,
				965B58DD197D33DC000289D2 /* ZCTableViewCell.m */,
			);
			path = view;
			sourceTree = "<group>";
		};
		965F332B197E3401005BBA14 /* UIcolor randomcolor */ = {
			isa = PBXGroup;
			children = (
				965F332C197E3401005BBA14 /* ZCUIColor+Extension.h */,
				965F332D197E3401005BBA14 /* ZCUIColor+Extension.m */,
			);
			name = "UIcolor randomcolor";
			path = "../../lib/UIcolor randomcolor";
			sourceTree = "<group>";
		};
		96738E2C197C027D00592764 /* main */ = {
			isa = PBXGroup;
			children = (
				96DCF1881982259000FC39EF /* controllers */,
				96DCF1841982253C00FC39EF /* DataCenter */,
				96786BA4197E7E4600C15374 /* tableBar */,
			);
			name = main;
			path = Classes/main;
			sourceTree = "<group>";
		};
		96738E2D197C027D00592764 /* views */ = {
			isa = PBXGroup;
			children = (
				96738E2E197C027D00592764 /* ZCNoHighLightBtn.h */,
				96738E2F197C027D00592764 /* ZCNoHighLightBtn.m */,
				96738E30197C027D00592764 /* ZCTabBarView.h */,
				96738E31197C027D00592764 /* ZCTabBarView.m */,
			);
			path = views;
			sourceTree = "<group>";
		};
		96738E3D197C031F00592764 /* reading */ = {
			isa = PBXGroup;
			children = (
				96738E3E197C031F00592764 /* ViewController.h */,
				96738E3F197C031F00592764 /* ViewController.m */,
				96DCD06A198A5AA800E49A7A /* views */,
			);
			name = reading;
			path = Classes/reading;
			sourceTree = "<group>";
		};
		96738E43197C036300592764 /* schedule */ = {
			isa = PBXGroup;
			children = (
				96738E46197C036300592764 /* ZCScheduleTableViewController.h */,
				96738E47197C036300592764 /* ZCScheduleTableViewController.m */,
				96738E44197C036300592764 /* ZCScheduleDetailController.h */,
				96738E45197C036300592764 /* ZCScheduleDetailController.m */,
			);
			name = schedule;
			path = Classes/schedule;
			sourceTree = "<group>";
		};
		96738E4A197C03D000592764 /* unknownWords */ = {
			isa = PBXGroup;
			children = (
				96738E4D197C03D000592764 /* ZCVocListTableViewController.h */,
				96738E4E197C03D000592764 /* ZCVocListTableViewController.m */,
				96738E4B197C03D000592764 /* ZCDetailViewController.h */,
				96738E4C197C03D000592764 /* ZCDetailViewController.m */,
				965B58DB197D339D000289D2 /* view */,
			);
			name = unknownWords;
			path = Classes/unknownWords;
			sourceTree = "<group>";
		};
		96738E51197C040800592764 /* self center */ = {
			isa = PBXGroup;
			children = (
				962833461980F9D900EE85E7 /* vc */,
				96F2B95A19800D3A00C84B97 /* views */,
				962833441980F35700EE85E7 /* setting.plist */,
			);
			name = "self center";
			path = "Classes/self center";
			sourceTree = "<group>";
		};
		96738E55197C049000592764 /* other */ = {
			isa = PBXGroup;
			children = (
				96738E56197C049000592764 /* AppDelegate.h */,
				96738E57197C049000592764 /* AppDelegate.m */,
				96738E58197C049000592764 /* Info.plist */,
				96738E59197C049000592764 /* main.m */,
				96AFA1D41991E51500482EA7 /* PrefixHeader.pch */,
			);
			name = other;
			path = Classes/other;
			sourceTree = "<group>";
		};
		96786BA4197E7E4600C15374 /* tableBar */ = {
			isa = PBXGroup;
			children = (
				96738E2D197C027D00592764 /* views */,
			);
			name = tableBar;
			sourceTree = "<group>";
		};
		96A2C555196A3D7A005AFA9C /* Classes */ = {
			isa = PBXGroup;
			children = (
				96738E2C197C027D00592764 /* main */,
				96738E3D197C031F00592764 /* reading */,
				96738E43197C036300592764 /* schedule */,
				96738E4A197C03D000592764 /* unknownWords */,
				96738E51197C040800592764 /* self center */,
			);
			name = Classes;
			sourceTree = "<group>";
		};
		96AFA1C61990E62000482EA7 /* MCFireworksButton */ = {
			isa = PBXGroup;
			children = (
				96AFA1C71990E62000482EA7 /* MCFireworksButton.h */,
				96AFA1C81990E62000482EA7 /* MCFireworksButton.m */,
				96AFA1C91990E62000482EA7 /* MCFireworksView.h */,
				96AFA1CA1990E62000482EA7 /* MCFireworksView.m */,
			);
			path = MCFireworksButton;
			sourceTree = "<group>";
		};
		96AFA1D51991E8D300482EA7 /* Helper */ = {
			isa = PBXGroup;
			children = (
				96AFA1D81991E8D300482EA7 /* Common.h */,
				96AFA1D61991E8D300482EA7 /* CALayer+Animation.h */,
				96AFA1D71991E8D300482EA7 /* CALayer+Animation.m */,
				96AFA1D91991E8D300482EA7 /* NSString+Path.h */,
				96AFA1DA1991E8D300482EA7 /* NSString+Path.m */,
				96AFA1DB1991E8D300482EA7 /* UIImage+Tools.h */,
				96AFA1DC1991E8D300482EA7 /* UIImage+Tools.m */,
				96AFA1DD1991E8D300482EA7 /* UIView+Extension.h */,
				96AFA1DE1991E8D300482EA7 /* UIView+Extension.m */,
				96AFA1DF1991E8D300482EA7 /* ZCFilePathManager.h */,
				96AFA1E01991E8D300482EA7 /* ZCFilePathManager.m */,
				965F332B197E3401005BBA14 /* UIcolor randomcolor */,
			);
			name = Helper;
			path = Classes/Helper;
			sourceTree = "<group>";
		};
		96CBD200197B69DD00BE42CA /* ZCRealtimeBlur */ = {
			isa = PBXGroup;
			children = (
				96CBD201197B69DD00BE42CA /* UIERealTimeBlurView.h */,
				96CBD202197B69DD00BE42CA /* UIERealTimeBlurView.m */,
				96CBD203197B69DD00BE42CA /* UIImage+BoxBlur.h */,
				96CBD204197B69DD00BE42CA /* UIImage+BoxBlur.m */,
			);
			path = ZCRealtimeBlur;
			sourceTree = "<group>";
		};
		96D2BE4419686A5F0071E548 = {
			isa = PBXGroup;
			children = (
				96EC5ECC197141A200978262 /* Version info.txt */,
				963A5996197649B800363D38 /* Version info.m */,
				96D2BE4F19686A5F0071E548 /* wordList */,
				962BD7AA197C24CB00FD0156 /* Images.xcassets */,
				96D2BE6619686A5F0071E548 /* wordListTests */,
				96D2BE4E19686A5F0071E548 /* Products */,
				96EC5EDD19714DE800978262 /* words.plist */,
				D201B70159C64B0FA29BEC9F /* Pods.xcconfig */,
				164F945C452949CF8CC1DF38 /* Frameworks */,
			);
			sourceTree = "<group>";
		};
		96D2BE4E19686A5F0071E548 /* Products */ = {
			isa = PBXGroup;
			children = (
				96D2BE4D19686A5F0071E548 /* wordList.app */,
				96D2BE6319686A5F0071E548 /* wordListTests.xctest */,
				968D8CFD197CAFA700FF7C6C /* wordList copy.app */,
			);
			name = Products;
			sourceTree = "<group>";
		};
		96D2BE4F19686A5F0071E548 /* wordList */ = {
			isa = PBXGroup;
			children = (
				96A2C555196A3D7A005AFA9C /* Classes */,
				96AFA1D51991E8D300482EA7 /* Helper */,
				96D858681974F8B50070226F /* Lib */,
				962BD79D197C1B8C00FD0156 /* model */,
				96738E55197C049000592764 /* other */,
				96D2BE5019686A5F0071E548 /* Supporting Files */,
			);
			path = wordList;
			sourceTree = "<group>";
		};
		96D2BE5019686A5F0071E548 /* Supporting Files */ = {
			isa = PBXGroup;
			children = (
				965929DD197A7BDC002CB5D2 /* Reveal.framework */,
			);
			name = "Supporting Files";
			sourceTree = "<group>";
		};
		96D2BE6619686A5F0071E548 /* wordListTests */ = {
			isa = PBXGroup;
			children = (
				96D2BE6919686A5F0071E548 /* wordListTests.m */,
				96D2BE6719686A5F0071E548 /* Supporting Files */,
			);
			path = wordListTests;
			sourceTree = "<group>";
		};
		96D2BE6719686A5F0071E548 /* Supporting Files */ = {
			isa = PBXGroup;
			children = (
				96D2BE6819686A5F0071E548 /* Info.plist */,
			);
			name = "Supporting Files";
			sourceTree = "<group>";
		};
		96D858681974F8B50070226F /* Lib */ = {
			isa = PBXGroup;
			children = (
				96AFA1C61990E62000482EA7 /* MCFireworksButton */,
				96CBD200197B69DD00BE42CA /* ZCRealtimeBlur */,
				96D858AD19753A2F0070226F /* FBShimmering */,
				96D858691974F8B50070226F /* MBProgressHUD */,
				96D8586C1974F8B50070226F /* ZCSoundEffect */,
			);
			name = Lib;
			path = lib;
			sourceTree = "<group>";
		};
		96D858691974F8B50070226F /* MBProgressHUD */ = {
			isa = PBXGroup;
			children = (
				96D8586A1974F8B50070226F /* MBProgressHUD.h */,
				96D8586B1974F8B50070226F /* MBProgressHUD.m */,
			);
			path = MBProgressHUD;
			sourceTree = "<group>";
		};
		96D8586C1974F8B50070226F /* ZCSoundEffect */ = {
			isa = PBXGroup;
			children = (
				96D8586D1974F8B50070226F /* messageSounds */,
				96D858701974F8B50070226F /* SoundEffects.h */,
				96D858711974F8B50070226F /* SoundEffects.m */,
				96D858721974F8B50070226F /* ZCMessageSoundEffect.h */,
				96D858731974F8B50070226F /* ZCMessageSoundEffect.m */,
			);
			path = ZCSoundEffect;
			sourceTree = "<group>";
		};
		96D8586D1974F8B50070226F /* messageSounds */ = {
			isa = PBXGroup;
			children = (
				96D858791974FA9E0070226F /* alert.aiff */,
				96D8586E1974F8B50070226F /* messageReceived.aiff */,
				96D8586F1974F8B50070226F /* messageSent.aiff */,
			);
			path = messageSounds;
			sourceTree = "<group>";
		};
		96D858AD19753A2F0070226F /* FBShimmering */ = {
			isa = PBXGroup;
			children = (
				96D858AE19753A2F0070226F /* FBShimmering-Prefix.pch */,
				96D858AF19753A2F0070226F /* FBShimmering.h */,
				96D858B019753A2F0070226F /* FBShimmeringLayer.h */,
				96D858B119753A2F0070226F /* FBShimmeringLayer.m */,
				96D858B219753A2F0070226F /* FBShimmeringView.h */,
				96D858B319753A2F0070226F /* FBShimmeringView.m */,
			);
			path = FBShimmering;
			sourceTree = "<group>";
		};
		96D9012B198B72A2000F9915 /* welcomeView */ = {
			isa = PBXGroup;
			children = (
				96AFA1D019913D7C00482EA7 /* DasboardView.h */,
				96AFA1D119913D7C00482EA7 /* DasboardView.m */,
				96D9012C198B72A2000F9915 /* DKCircleButton.h */,
				96D9012D198B72A2000F9915 /* DKCircleButton.m */,
				96D9012E198B72A2000F9915 /* ZCWelcomeView.h */,
				96D9012F198B72A2000F9915 /* ZCWelcomeView.m */,
				96DDD626198BACDC00F3D950 /* ZCWelDashboardView.h */,
				96DDD627198BACDC00F3D950 /* ZCWelDashboardView.m */,
			);
			name = welcomeView;
			path = views/welcomeView;
			sourceTree = "<group>";
		};
		96DCD06A198A5AA800E49A7A /* views */ = {
			isa = PBXGroup;
			children = (
				96D9012B198B72A2000F9915 /* welcomeView */,
				96DDD629198BACEB00F3D950 /* wordView */,
			);
			name = views;
			sourceTree = "<group>";
		};
		96DCF1841982253C00FC39EF /* DataCenter */ = {
			isa = PBXGroup;
			children = (
				96DCF1921982394200FC39EF /* ZCWord.h */,
				96DCF1931982394200FC39EF /* ZCWord.m */,
				96DCF1851982255900FC39EF /* ZCDataCenter.h */,
				96DCF1861982255900FC39EF /* ZCDataCenter.m */,
				96DCF1951982448300FC39EF /* wordsData.plist */,
				96A7B6AE1983C2F600824388 /* Singleton.h */,
			);
			path = DataCenter;
			sourceTree = "<group>";
		};
		96DCF1881982259000FC39EF /* controllers */ = {
			isa = PBXGroup;
			children = (
				96DCF1891982259000FC39EF /* ZCbBaiscViewController.h */,
				96DCF18A1982259000FC39EF /* ZCbBaiscViewController.m */,
				96DCF18B1982259000FC39EF /* ZCNaviController.h */,
				96DCF18C1982259000FC39EF /* ZCNaviController.m */,
				96DCF18D1982259000FC39EF /* ZCTabBarController.h */,
				96DCF18E1982259000FC39EF /* ZCTabBarController.m */,
			);
			path = controllers;
			sourceTree = "<group>";
		};
		96DDD629198BACEB00F3D950 /* wordView */ = {
			isa = PBXGroup;
			children = (
				96DCD067198A5A9A00E49A7A /* ZCWordsView.h */,
				96DCD068198A5A9A00E49A7A /* ZCWordsView.m */,
			);
			name = wordView;
			sourceTree = "<group>";
		};
		96F2B95A19800D3A00C84B97 /* views */ = {
			isa = PBXGroup;
			children = (
				96F2B95B19800D3A00C84B97 /* ZCSelfInfoView.h */,
				96F2B95C19800D3A00C84B97 /* ZCSelfInfoView.m */,
				96F2B95E19800D9100C84B97 /* ZCSelfInfoView.xib */,
				9628334D1981035D00EE85E7 /* ZCsettingCell.h */,
				9628334E1981035D00EE85E7 /* ZCsettingCell.m */,
			);
			path = views;
			sourceTree = "<group>";
		};
/* End PBXGroup section */

/* Begin PBXNativeTarget section */
		968D8CD2197CAFA700FF7C6C /* wordList copy */ = {
			isa = PBXNativeTarget;
			buildConfigurationList = 968D8CFA197CAFA700FF7C6C /* Build configuration list for PBXNativeTarget "wordList copy" */;
			buildPhases = (
				968D8CD3197CAFA700FF7C6C /* Sources */,
				968D8CEF197CAFA700FF7C6C /* Frameworks */,
				968D8CF1197CAFA700FF7C6C /* Resources */,
			);
			buildRules = (
			);
			dependencies = (
			);
			name = "wordList copy";
			productName = wordList;
			productReference = 968D8CFD197CAFA700FF7C6C /* wordList copy.app */;
			productType = "com.apple.product-type.application";
		};
		96D2BE4C19686A5F0071E548 /* wordList */ = {
			isa = PBXNativeTarget;
			buildConfigurationList = 96D2BE6D19686A5F0071E548 /* Build configuration list for PBXNativeTarget "wordList" */;
			buildPhases = (
				10EC5A87BC394F349475508D /* Check Pods Manifest.lock */,
				96D2BE4919686A5F0071E548 /* Sources */,
				96D2BE4A19686A5F0071E548 /* Frameworks */,
				96D2BE4B19686A5F0071E548 /* Resources */,
				A9E52BEA1BCB4B6D893EF847 /* Copy Pods Resources */,
				969B9484198F473D000212D9 /* ShellScript */,
			);
			buildRules = (
			);
			dependencies = (
			);
			name = wordList;
			productName = wordList;
			productReference = 96D2BE4D19686A5F0071E548 /* wordList.app */;
			productType = "com.apple.product-type.application";
		};
		96D2BE6219686A5F0071E548 /* wordListTests */ = {
			isa = PBXNativeTarget;
			buildConfigurationList = 96D2BE7019686A5F0071E548 /* Build configuration list for PBXNativeTarget "wordListTests" */;
			buildPhases = (
				96D2BE5F19686A5F0071E548 /* Sources */,
				96D2BE6019686A5F0071E548 /* Frameworks */,
				96D2BE6119686A5F0071E548 /* Resources */,
			);
			buildRules = (
			);
			dependencies = (
				96D2BE6519686A5F0071E548 /* PBXTargetDependency */,
				96B3B9CD196FF3A600B765AF /* PBXTargetDependency */,
				96B3B9CF196FF3A600B765AF /* PBXTargetDependency */,
				96D707F01970B43B00FF4E1F /* PBXTargetDependency */,
				96D707F21970B43B00FF4E1F /* PBXTargetDependency */,
				96D707F41970B51300FF4E1F /* PBXTargetDependency */,
				96D707F61970B52100FF4E1F /* PBXTargetDependency */,
				96D707F81970B52900FF4E1F /* PBXTargetDependency */,
				96D707FA1970B52E00FF4E1F /* PBXTargetDependency */,
				96EC5EC91971407700978262 /* PBXTargetDependency */,
				96EC5ECB1971407700978262 /* PBXTargetDependency */,
				96EC5ECF1971478800978262 /* PBXTargetDependency */,
				96EC5ED41971495400978262 /* PBXTargetDependency */,
				96EC5ED619714CE000978262 /* PBXTargetDependency */,
				96EC5ED819714CE000978262 /* PBXTargetDependency */,
				96EC5EDA19714CFE00978262 /* PBXTargetDependency */,
				96EC5EDC19714D3500978262 /* PBXTargetDependency */,
				96EC5F381972DEB800978262 /* PBXTargetDependency */,
			);
			name = wordListTests;
			productName = wordListTests;
			productReference = 96D2BE6319686A5F0071E548 /* wordListTests.xctest */;
			productType = "com.apple.product-type.bundle.unit-test";
		};
/* End PBXNativeTarget section */

/* Begin PBXProject section */
		96D2BE4519686A5F0071E548 /* Project object */ = {
			isa = PBXProject;
			attributes = {
				LastUpgradeCheck = 0600;
				ORGANIZATIONNAME = "Jason Zhou";
				TargetAttributes = {
					96D2BE4C19686A5F0071E548 = {
						CreatedOnToolsVersion = 6.0;
					};
					96D2BE6219686A5F0071E548 = {
						CreatedOnToolsVersion = 6.0;
						TestTargetID = 96D2BE4C19686A5F0071E548;
					};
				};
			};
			buildConfigurationList = 96D2BE4819686A5F0071E548 /* Build configuration list for PBXProject "wordList" */;
			compatibilityVersion = "Xcode 3.2";
			developmentRegion = English;
			hasScannedForEncodings = 0;
			knownRegions = (
				en,
				Base,
			);
			mainGroup = 96D2BE4419686A5F0071E548;
			productRefGroup = 96D2BE4E19686A5F0071E548 /* Products */;
			projectDirPath = "";
			projectRoot = "";
			targets = (
				96D2BE4C19686A5F0071E548 /* wordList */,
				96D2BE6219686A5F0071E548 /* wordListTests */,
				968D8CD2197CAFA700FF7C6C /* wordList copy */,
			);
		};
/* End PBXProject section */

/* Begin PBXResourcesBuildPhase section */
		968D8CF1197CAFA700FF7C6C /* Resources */ = {
			isa = PBXResourcesBuildPhase;
			buildActionMask = 2147483647;
			files = (
				968D8CF2197CAFA700FF7C6C /* messageSent.aiff in Resources */,
				968D8CF3197CAFA700FF7C6C /* Images.xcassets in Resources */,
				968D8CF5197CAFA700FF7C6C /* Info.plist in Resources */,
				968D8CF6197CAFA700FF7C6C /* Version info.txt in Resources */,
				968D8CF7197CAFA700FF7C6C /* messageReceived.aiff in Resources */,
				968D8CF8197CAFA700FF7C6C /* alert.aiff in Resources */,
				968D8CF9197CAFA700FF7C6C /* words.plist in Resources */,
			);
			runOnlyForDeploymentPostprocessing = 0;
		};
		96D2BE4B19686A5F0071E548 /* Resources */ = {
			isa = PBXResourcesBuildPhase;
			buildActionMask = 2147483647;
			files = (
				96D858761974F8B50070226F /* messageSent.aiff in Resources */,
				962833451980F35700EE85E7 /* setting.plist in Resources */,
				962BD7AB197C24CB00FD0156 /* Images.xcassets in Resources */,
				96DCF1961982448300FC39EF /* wordsData.plist in Resources */,
				96F2B95F19800D9100C84B97 /* ZCSelfInfoView.xib in Resources */,
				96738E5C197C049000592764 /* Info.plist in Resources */,
				96EC5ECD197141A200978262 /* Version info.txt in Resources */,
				96D858751974F8B50070226F /* messageReceived.aiff in Resources */,
				96D8587A1974FA9E0070226F /* alert.aiff in Resources */,
				96EC5EDE19714DE800978262 /* words.plist in Resources */,
			);
			runOnlyForDeploymentPostprocessing = 0;
		};
		96D2BE6119686A5F0071E548 /* Resources */ = {
			isa = PBXResourcesBuildPhase;
			buildActionMask = 2147483647;
			files = (
			);
			runOnlyForDeploymentPostprocessing = 0;
		};
/* End PBXResourcesBuildPhase section */

/* Begin PBXShellScriptBuildPhase section */
		10EC5A87BC394F349475508D /* Check Pods Manifest.lock */ = {
			isa = PBXShellScriptBuildPhase;
			buildActionMask = 2147483647;
			files = (
			);
			inputPaths = (
			);
			name = "Check Pods Manifest.lock";
			outputPaths = (
			);
			runOnlyForDeploymentPostprocessing = 0;
			shellPath = /bin/sh;
			shellScript = "diff \"${PODS_ROOT}/../Podfile.lock\" \"${PODS_ROOT}/Manifest.lock\" > /dev/null\nif [[ $? != 0 ]] ; then\n    cat << EOM\nerror: The sandbox is not in sync with the Podfile.lock. Run 'pod install' or update your CocoaPods installation.\nEOM\n    exit 1\nfi\n";
			showEnvVarsInLog = 0;
		};
		969B9484198F473D000212D9 /* ShellScript */ = {
			isa = PBXShellScriptBuildPhase;
			buildActionMask = 2147483647;
			files = (
			);
			inputPaths = (
			);
			outputPaths = (
			);
			runOnlyForDeploymentPostprocessing = 0;
			shellPath = /bin/sh;
			shellScript = "export CODESIGN_ALLOCATE=/Applications/Xcode.app/Contents/Developer/Platforms/iPhoneOS.platform/Developer/usr/bin/codesign_allocate\nif [ \"${PLATFORM_NAME}\" == \"iphoneos\" ] || [ \"${PLATFORM_NAME}\" == \"ipados\" ]; then\n/Applications/Xcode.app/Contents/Developer/iphoneentitlements/gen_entitlements.py \"my.company.${PROJECT_NAME}\" \"${BUILT_PRODUCTS_DIR}/${WRAPPER_NAME}/${PROJECT_NAME}.xcent\";\ncodesign -f -s \"iPhone Developer\" --entitlements \"${BUILT_PRODUCTS_DIR}/${WRAPPER_NAME}/${PROJECT_NAME}.xcent\" \"${BUILT_PRODUCTS_DIR}/${WRAPPER_NAME}/\"\nfi";
		};
		A9E52BEA1BCB4B6D893EF847 /* Copy Pods Resources */ = {
			isa = PBXShellScriptBuildPhase;
			buildActionMask = 2147483647;
			files = (
			);
			inputPaths = (
			);
			name = "Copy Pods Resources";
			outputPaths = (
			);
			runOnlyForDeploymentPostprocessing = 0;
			shellPath = /bin/sh;
			shellScript = "\"${SRCROOT}/Pods/Pods-resources.sh\"\n";
			showEnvVarsInLog = 0;
		};
/* End PBXShellScriptBuildPhase section */

/* Begin PBXSourcesBuildPhase section */
		968D8CD3197CAFA700FF7C6C /* Sources */ = {
			isa = PBXSourcesBuildPhase;
			buildActionMask = 2147483647;
			files = (
				968D8CD4197CAFA700FF7C6C /* Words.m in Sources */,
				968D8CD6197CAFA700FF7C6C /* ZCScheduleTableViewController.m in Sources */,
				968D8CD8197CAFA700FF7C6C /* FBShimmeringView.m in Sources */,
				968D8CDB197CAFA700FF7C6C /* ZCMessageSoundEffect.m in Sources */,
				968D8CDD197CAFA700FF7C6C /* ZCDetailViewController.m in Sources */,
				968D8CDE197CAFA700FF7C6C /* ZCTabBarView.m in Sources */,
				968D8CE0197CAFA700FF7C6C /* ViewController.m in Sources */,
				968D8CE1197CAFA700FF7C6C /* ZCVocListTableViewController.m in Sources */,
				968D8CE2197CAFA700FF7C6C /* Word.m in Sources */,
				968D8CE3197CAFA700FF7C6C /* FBShimmeringLayer.m in Sources */,
				968D8CE4197CAFA700FF7C6C /* main.m in Sources */,
				968D8CE5197CAFA700FF7C6C /* Version info.m in Sources */,
				968D8CE6197CAFA700FF7C6C /* Dictionary.xcdatamodeld in Sources */,
				968D8CE7197CAFA700FF7C6C /* ZCNoHighLightBtn.m in Sources */,
				968D8CE8197CAFA700FF7C6C /* UIImage+BoxBlur.m in Sources */,
				968D8CEA197CAFA700FF7C6C /* SoundEffects.m in Sources */,
				968D8CEB197CAFA700FF7C6C /* AppDelegate.m in Sources */,
				968D8CEC197CAFA700FF7C6C /* UIERealTimeBlurView.m in Sources */,
				968D8CED197CAFA700FF7C6C /* ZCScheduleDetailController.m in Sources */,
				968D8CEE197CAFA700FF7C6C /* MBProgressHUD.m in Sources */,
			);
			runOnlyForDeploymentPostprocessing = 0;
		};
		96D2BE4919686A5F0071E548 /* Sources */ = {
			isa = PBXSourcesBuildPhase;
			buildActionMask = 2147483647;
			files = (
				962BD7A8197C1B8C00FD0156 /* Words.m in Sources */,
				96D90130198B72A2000F9915 /* DKCircleButton.m in Sources */,
				96AFA1E41991E8D300482EA7 /* UIView+Extension.m in Sources */,
				96457AC31981137200E00932 /* ZCAboutViewController.m in Sources */,
				9628334C1980F9D900EE85E7 /* ZCSettingsViewController.m in Sources */,
				96AFA1E21991E8D300482EA7 /* NSString+Path.m in Sources */,
				96738E49197C036300592764 /* ZCScheduleTableViewController.m in Sources */,
				96D858B519753A2F0070226F /* FBShimmeringView.m in Sources */,
				965F332E197E3401005BBA14 /* ZCUIColor+Extension.m in Sources */,
				96D858781974F8B50070226F /* ZCMessageSoundEffect.m in Sources */,
				96DCF12319812FE300FC39EF /* ZCLoginViewController.m in Sources */,
				96738E4F197C03D000592764 /* ZCDetailViewController.m in Sources */,
				96738E39197C027D00592764 /* ZCTabBarView.m in Sources */,
				96DCF1901982259000FC39EF /* ZCNaviController.m in Sources */,
				96AFA1E51991E8D300482EA7 /* ZCFilePathManager.m in Sources */,
				96DCF1911982259000FC39EF /* ZCTabBarController.m in Sources */,
				96D90131198B72A2000F9915 /* ZCWelcomeView.m in Sources */,
				96DCF1941982394200FC39EF /* ZCWord.m in Sources */,
				96738E40197C031F00592764 /* ViewController.m in Sources */,
				96738E50197C03D000592764 /* ZCVocListTableViewController.m in Sources */,
				9628334B1980F9D900EE85E7 /* ZCSelfCenterViewController.m in Sources */,
				9628334F1981035D00EE85E7 /* ZCsettingCell.m in Sources */,
				962BD7A7197C1B8C00FD0156 /* Word.m in Sources */,
				96D858B419753A2F0070226F /* FBShimmeringLayer.m in Sources */,
				96738E5D197C049000592764 /* main.m in Sources */,
				963A5997197649B800363D38 /* Version info.m in Sources */,
				962BD7A6197C1B8C00FD0156 /* Dictionary.xcdatamodeld in Sources */,
				96738E38197C027D00592764 /* ZCNoHighLightBtn.m in Sources */,
				965B58DF197D33DC000289D2 /* ZCTableViewCell.m in Sources */,
				96AFA1E31991E8D300482EA7 /* UIImage+Tools.m in Sources */,
				96DCD069198A5A9A00E49A7A /* ZCWordsView.m in Sources */,
				96CBD206197B69DD00BE42CA /* UIImage+BoxBlur.m in Sources */,
				96AFA1E11991E8D300482EA7 /* CALayer+Animation.m in Sources */,
				96AFA1CB1990E62000482EA7 /* MCFireworksButton.m in Sources */,
				96AFA1D219913D7C00482EA7 /* DasboardView.m in Sources */,
				96AFA1CC1990E62000482EA7 /* MCFireworksView.m in Sources */,
				96F2B95D19800D3A00C84B97 /* ZCSelfInfoView.m in Sources */,
				96DDD628198BACDC00F3D950 /* ZCWelDashboardView.m in Sources */,
				96D858771974F8B50070226F /* SoundEffects.m in Sources */,
				96738E5B197C049000592764 /* AppDelegate.m in Sources */,
				96CBD205197B69DD00BE42CA /* UIERealTimeBlurView.m in Sources */,
				96DCF18F1982259000FC39EF /* ZCbBaiscViewController.m in Sources */,
				96DCF1871982255900FC39EF /* ZCDataCenter.m in Sources */,
				96738E48197C036300592764 /* ZCScheduleDetailController.m in Sources */,
				96D858741974F8B50070226F /* MBProgressHUD.m in Sources */,
			);
			runOnlyForDeploymentPostprocessing = 0;
		};
		96D2BE5F19686A5F0071E548 /* Sources */ = {
			isa = PBXSourcesBuildPhase;
			buildActionMask = 2147483647;
			files = (
				96D2BE6A19686A5F0071E548 /* wordListTests.m in Sources */,
			);
			runOnlyForDeploymentPostprocessing = 0;
		};
/* End PBXSourcesBuildPhase section */

/* Begin PBXTargetDependency section */
		96B3B9CD196FF3A600B765AF /* PBXTargetDependency */ = {
			isa = PBXTargetDependency;
			target = 96D2BE4C19686A5F0071E548 /* wordList */;
			targetProxy = 96B3B9CC196FF3A600B765AF /* PBXContainerItemProxy */;
		};
		96B3B9CF196FF3A600B765AF /* PBXTargetDependency */ = {
			isa = PBXTargetDependency;
			target = 96D2BE4C19686A5F0071E548 /* wordList */;
			targetProxy = 96B3B9CE196FF3A600B765AF /* PBXContainerItemProxy */;
		};
		96D2BE6519686A5F0071E548 /* PBXTargetDependency */ = {
			isa = PBXTargetDependency;
			target = 96D2BE4C19686A5F0071E548 /* wordList */;
			targetProxy = 96D2BE6419686A5F0071E548 /* PBXContainerItemProxy */;
		};
		96D707F01970B43B00FF4E1F /* PBXTargetDependency */ = {
			isa = PBXTargetDependency;
			target = 96D2BE4C19686A5F0071E548 /* wordList */;
			targetProxy = 96D707EF1970B43B00FF4E1F /* PBXContainerItemProxy */;
		};
		96D707F21970B43B00FF4E1F /* PBXTargetDependency */ = {
			isa = PBXTargetDependency;
			target = 96D2BE4C19686A5F0071E548 /* wordList */;
			targetProxy = 96D707F11970B43B00FF4E1F /* PBXContainerItemProxy */;
		};
		96D707F41970B51300FF4E1F /* PBXTargetDependency */ = {
			isa = PBXTargetDependency;
			target = 96D2BE4C19686A5F0071E548 /* wordList */;
			targetProxy = 96D707F31970B51300FF4E1F /* PBXContainerItemProxy */;
		};
		96D707F61970B52100FF4E1F /* PBXTargetDependency */ = {
			isa = PBXTargetDependency;
			target = 96D2BE4C19686A5F0071E548 /* wordList */;
			targetProxy = 96D707F51970B52100FF4E1F /* PBXContainerItemProxy */;
		};
		96D707F81970B52900FF4E1F /* PBXTargetDependency */ = {
			isa = PBXTargetDependency;
			target = 96D2BE4C19686A5F0071E548 /* wordList */;
			targetProxy = 96D707F71970B52900FF4E1F /* PBXContainerItemProxy */;
		};
		96D707FA1970B52E00FF4E1F /* PBXTargetDependency */ = {
			isa = PBXTargetDependency;
			target = 96D2BE4C19686A5F0071E548 /* wordList */;
			targetProxy = 96D707F91970B52E00FF4E1F /* PBXContainerItemProxy */;
		};
		96EC5EC91971407700978262 /* PBXTargetDependency */ = {
			isa = PBXTargetDependency;
			target = 96D2BE4C19686A5F0071E548 /* wordList */;
			targetProxy = 96EC5EC81971407700978262 /* PBXContainerItemProxy */;
		};
		96EC5ECB1971407700978262 /* PBXTargetDependency */ = {
			isa = PBXTargetDependency;
			target = 96D2BE4C19686A5F0071E548 /* wordList */;
			targetProxy = 96EC5ECA1971407700978262 /* PBXContainerItemProxy */;
		};
		96EC5ECF1971478800978262 /* PBXTargetDependency */ = {
			isa = PBXTargetDependency;
			target = 96D2BE4C19686A5F0071E548 /* wordList */;
			targetProxy = 96EC5ECE1971478800978262 /* PBXContainerItemProxy */;
		};
		96EC5ED41971495400978262 /* PBXTargetDependency */ = {
			isa = PBXTargetDependency;
			target = 96D2BE4C19686A5F0071E548 /* wordList */;
			targetProxy = 96EC5ED31971495400978262 /* PBXContainerItemProxy */;
		};
		96EC5ED619714CE000978262 /* PBXTargetDependency */ = {
			isa = PBXTargetDependency;
			target = 96D2BE4C19686A5F0071E548 /* wordList */;
			targetProxy = 96EC5ED519714CE000978262 /* PBXContainerItemProxy */;
		};
		96EC5ED819714CE000978262 /* PBXTargetDependency */ = {
			isa = PBXTargetDependency;
			target = 96D2BE4C19686A5F0071E548 /* wordList */;
			targetProxy = 96EC5ED719714CE000978262 /* PBXContainerItemProxy */;
		};
		96EC5EDA19714CFE00978262 /* PBXTargetDependency */ = {
			isa = PBXTargetDependency;
			target = 96D2BE4C19686A5F0071E548 /* wordList */;
			targetProxy = 96EC5ED919714CFE00978262 /* PBXContainerItemProxy */;
		};
		96EC5EDC19714D3500978262 /* PBXTargetDependency */ = {
			isa = PBXTargetDependency;
			target = 96D2BE4C19686A5F0071E548 /* wordList */;
			targetProxy = 96EC5EDB19714D3500978262 /* PBXContainerItemProxy */;
		};
		96EC5F381972DEB800978262 /* PBXTargetDependency */ = {
			isa = PBXTargetDependency;
			target = 96D2BE4C19686A5F0071E548 /* wordList */;
			targetProxy = 96EC5F371972DEB800978262 /* PBXContainerItemProxy */;
		};
/* End PBXTargetDependency section */

/* Begin XCBuildConfiguration section */
		968D8CFB197CAFA700FF7C6C /* Debug */ = {
			isa = XCBuildConfiguration;
			buildSettings = {
				ASSETCATALOG_COMPILER_APPICON_NAME = AppIcon;
				ASSETCATALOG_COMPILER_LAUNCHIMAGE_NAME = LaunchImage;
				CLANG_ENABLE_MODULES = YES;
				FRAMEWORK_SEARCH_PATHS = (
					"$(inherited)",
					"$(PROJECT_DIR)/wordList",
				);
				INFOPLIST_FILE = "wordList copy-Info.plist";
				IPHONEOS_DEPLOYMENT_TARGET = 6.1;
				LD_RUNPATH_SEARCH_PATHS = "$(inherited) @executable_path/Frameworks";
				PRODUCT_NAME = "wordList copy";
				SWIFT_OBJC_BRIDGING_HEADER = "wordList/wordList-Bridging-Header.h";
				SWIFT_OPTIMIZATION_LEVEL = "-Onone";
			};
			name = Debug;
		};
		968D8CFC197CAFA700FF7C6C /* Release */ = {
			isa = XCBuildConfiguration;
			buildSettings = {
				ASSETCATALOG_COMPILER_APPICON_NAME = AppIcon;
				ASSETCATALOG_COMPILER_LAUNCHIMAGE_NAME = LaunchImage;
				CLANG_ENABLE_MODULES = YES;
				FRAMEWORK_SEARCH_PATHS = (
					"$(inherited)",
					"$(PROJECT_DIR)/wordList",
				);
				INFOPLIST_FILE = "wordList copy-Info.plist";
				IPHONEOS_DEPLOYMENT_TARGET = 6.1;
				LD_RUNPATH_SEARCH_PATHS = "$(inherited) @executable_path/Frameworks";
				PRODUCT_NAME = "wordList copy";
				SWIFT_OBJC_BRIDGING_HEADER = "wordList/wordList-Bridging-Header.h";
			};
			name = Release;
		};
		96D2BE6B19686A5F0071E548 /* Debug */ = {
			isa = XCBuildConfiguration;
			buildSettings = {
				ALWAYS_SEARCH_USER_PATHS = NO;
				CLANG_CXX_LANGUAGE_STANDARD = "gnu++0x";
				CLANG_CXX_LIBRARY = "libc++";
				CLANG_ENABLE_MODULES = YES;
				CLANG_ENABLE_OBJC_ARC = YES;
				CLANG_WARN_BOOL_CONVERSION = YES;
				CLANG_WARN_CONSTANT_CONVERSION = YES;
				CLANG_WARN_DIRECT_OBJC_ISA_USAGE = YES_ERROR;
				CLANG_WARN_EMPTY_BODY = YES;
				CLANG_WARN_ENUM_CONVERSION = YES;
				CLANG_WARN_INT_CONVERSION = YES;
				CLANG_WARN_OBJC_ROOT_CLASS = YES_ERROR;
				CLANG_WARN_UNREACHABLE_CODE = YES;
				CLANG_WARN__DUPLICATE_METHOD_MATCH = YES;
				"CODE_SIGN_IDENTITY[sdk=iphoneos*]" = "iPhone Developer";
				COPY_PHASE_STRIP = YES;
				ENABLE_STRICT_OBJC_MSGSEND = YES;
				GCC_C_LANGUAGE_STANDARD = gnu99;
				GCC_DYNAMIC_NO_PIC = NO;
				GCC_OPTIMIZATION_LEVEL = 0;
				GCC_PREFIX_HEADER = PrefixHeader.pch;
				GCC_PREPROCESSOR_DEFINITIONS = (
					"DEBUG=1",
					"$(inherited)",
				);
				GCC_SYMBOLS_PRIVATE_EXTERN = NO;
				GCC_WARN_64_TO_32_BIT_CONVERSION = YES;
				GCC_WARN_ABOUT_RETURN_TYPE = YES_ERROR;
				GCC_WARN_UNDECLARED_SELECTOR = YES;
				GCC_WARN_UNINITIALIZED_AUTOS = YES_AGGRESSIVE;
				GCC_WARN_UNUSED_FUNCTION = YES;
				GCC_WARN_UNUSED_VARIABLE = YES;
				IPHONEOS_DEPLOYMENT_TARGET = 7.1;
				METAL_ENABLE_DEBUG_INFO = YES;
				ONLY_ACTIVE_ARCH = YES;
				OTHER_LDFLAGS = "-ObjC";
				SDKROOT = iphoneos;
				TARGETED_DEVICE_FAMILY = "1,2";
			};
			name = Debug;
		};
		96D2BE6C19686A5F0071E548 /* Release */ = {
			isa = XCBuildConfiguration;
			buildSettings = {
				ALWAYS_SEARCH_USER_PATHS = NO;
				CLANG_CXX_LANGUAGE_STANDARD = "gnu++0x";
				CLANG_CXX_LIBRARY = "libc++";
				CLANG_ENABLE_MODULES = YES;
				CLANG_ENABLE_OBJC_ARC = YES;
				CLANG_WARN_BOOL_CONVERSION = YES;
				CLANG_WARN_CONSTANT_CONVERSION = YES;
				CLANG_WARN_DIRECT_OBJC_ISA_USAGE = YES_ERROR;
				CLANG_WARN_EMPTY_BODY = YES;
				CLANG_WARN_ENUM_CONVERSION = YES;
				CLANG_WARN_INT_CONVERSION = YES;
				CLANG_WARN_OBJC_ROOT_CLASS = YES_ERROR;
				CLANG_WARN_UNREACHABLE_CODE = YES;
				CLANG_WARN__DUPLICATE_METHOD_MATCH = YES;
				"CODE_SIGN_IDENTITY[sdk=iphonesimulator*]" = "iPhone Developer";
				COPY_PHASE_STRIP = YES;
				ENABLE_NS_ASSERTIONS = NO;
				ENABLE_STRICT_OBJC_MSGSEND = YES;
				GCC_C_LANGUAGE_STANDARD = gnu99;
				GCC_PREFIX_HEADER = PrefixHeader.pch;
				GCC_WARN_64_TO_32_BIT_CONVERSION = YES;
				GCC_WARN_ABOUT_RETURN_TYPE = YES_ERROR;
				GCC_WARN_UNDECLARED_SELECTOR = YES;
				GCC_WARN_UNINITIALIZED_AUTOS = YES_AGGRESSIVE;
				GCC_WARN_UNUSED_FUNCTION = YES;
				GCC_WARN_UNUSED_VARIABLE = YES;
				IPHONEOS_DEPLOYMENT_TARGET = 7.1;
				METAL_ENABLE_DEBUG_INFO = NO;
				OTHER_LDFLAGS = "-ObjC";
				SDKROOT = iphoneos;
				TARGETED_DEVICE_FAMILY = "1,2";
				VALIDATE_PRODUCT = YES;
			};
			name = Release;
		};
		96D2BE6E19686A5F0071E548 /* Debug */ = {
			isa = XCBuildConfiguration;
			baseConfigurationReference = D201B70159C64B0FA29BEC9F /* Pods.xcconfig */;
			buildSettings = {
				ASSETCATALOG_COMPILER_APPICON_NAME = AppIcon;
				ASSETCATALOG_COMPILER_LAUNCHIMAGE_NAME = LaunchImage;
				CLANG_ENABLE_MODULES = YES;
				"CODE_SIGN_IDENTITY[sdk=iphoneos*]" = "";
				FRAMEWORK_SEARCH_PATHS = (
					"$(inherited)",
					"$(PROJECT_DIR)/wordList",
				);
				INFOPLIST_FILE = wordList/Info.plist;
				IPHONEOS_DEPLOYMENT_TARGET = 7.1;
				LD_RUNPATH_SEARCH_PATHS = "$(inherited) @executable_path/Frameworks";
				PRODUCT_NAME = "$(TARGET_NAME)";
				SWIFT_OBJC_BRIDGING_HEADER = "wordList/wordList-Bridging-Header.h";
				SWIFT_OPTIMIZATION_LEVEL = "-Onone";
			};
			name = Debug;
		};
		96D2BE6F19686A5F0071E548 /* Release */ = {
			isa = XCBuildConfiguration;
			baseConfigurationReference = D201B70159C64B0FA29BEC9F /* Pods.xcconfig */;
			buildSettings = {
				ASSETCATALOG_COMPILER_APPICON_NAME = AppIcon;
				ASSETCATALOG_COMPILER_LAUNCHIMAGE_NAME = LaunchImage;
				CLANG_ENABLE_MODULES = YES;
				"CODE_SIGN_IDENTITY[sdk=iphonesimulator*]" = "";
				FRAMEWORK_SEARCH_PATHS = (
					"$(inherited)",
					"$(PROJECT_DIR)/wordList",
				);
				INFOPLIST_FILE = wordList/Info.plist;
				IPHONEOS_DEPLOYMENT_TARGET = 7.1;
				LD_RUNPATH_SEARCH_PATHS = "$(inherited) @executable_path/Frameworks";
				PRODUCT_NAME = "$(TARGET_NAME)";
				SWIFT_OBJC_BRIDGING_HEADER = "wordList/wordList-Bridging-Header.h";
			};
			name = Release;
		};
		96D2BE7119686A5F0071E548 /* Debug */ = {
			isa = XCBuildConfiguration;
			buildSettings = {
				BUNDLE_LOADER = "$(BUILT_PRODUCTS_DIR)/wordList.app/wordList";
				FRAMEWORK_SEARCH_PATHS = (
					"$(SDKROOT)/Developer/Library/Frameworks",
					"$(inherited)",
				);
				GCC_PREPROCESSOR_DEFINITIONS = (
					"DEBUG=1",
					"$(inherited)",
				);
				INFOPLIST_FILE = wordListTests/Info.plist;
				LD_RUNPATH_SEARCH_PATHS = "$(inherited) @executable_path/Frameworks @loader_path/Frameworks";
				METAL_ENABLE_DEBUG_INFO = YES;
				PRODUCT_NAME = "$(TARGET_NAME)";
				TEST_HOST = "$(BUNDLE_LOADER)";
			};
			name = Debug;
		};
		96D2BE7219686A5F0071E548 /* Release */ = {
			isa = XCBuildConfiguration;
			buildSettings = {
				BUNDLE_LOADER = "$(BUILT_PRODUCTS_DIR)/wordList.app/wordList";
				FRAMEWORK_SEARCH_PATHS = (
					"$(SDKROOT)/Developer/Library/Frameworks",
					"$(inherited)",
				);
				INFOPLIST_FILE = wordListTests/Info.plist;
				LD_RUNPATH_SEARCH_PATHS = "$(inherited) @executable_path/Frameworks @loader_path/Frameworks";
				METAL_ENABLE_DEBUG_INFO = NO;
				PRODUCT_NAME = "$(TARGET_NAME)";
				TEST_HOST = "$(BUNDLE_LOADER)";
			};
			name = Release;
		};
/* End XCBuildConfiguration section */

/* Begin XCConfigurationList section */
		968D8CFA197CAFA700FF7C6C /* Build configuration list for PBXNativeTarget "wordList copy" */ = {
			isa = XCConfigurationList;
			buildConfigurations = (
				968D8CFB197CAFA700FF7C6C /* Debug */,
				968D8CFC197CAFA700FF7C6C /* Release */,
			);
			defaultConfigurationIsVisible = 0;
			defaultConfigurationName = Release;
		};
		96D2BE4819686A5F0071E548 /* Build configuration list for PBXProject "wordList" */ = {
			isa = XCConfigurationList;
			buildConfigurations = (
				96D2BE6B19686A5F0071E548 /* Debug */,
				96D2BE6C19686A5F0071E548 /* Release */,
			);
			defaultConfigurationIsVisible = 0;
			defaultConfigurationName = Release;
		};
		96D2BE6D19686A5F0071E548 /* Build configuration list for PBXNativeTarget "wordList" */ = {
			isa = XCConfigurationList;
			buildConfigurations = (
				96D2BE6E19686A5F0071E548 /* Debug */,
				96D2BE6F19686A5F0071E548 /* Release */,
			);
			defaultConfigurationIsVisible = 0;
			defaultConfigurationName = Release;
		};
		96D2BE7019686A5F0071E548 /* Build configuration list for PBXNativeTarget "wordListTests" */ = {
			isa = XCConfigurationList;
			buildConfigurations = (
				96D2BE7119686A5F0071E548 /* Debug */,
				96D2BE7219686A5F0071E548 /* Release */,
			);
			defaultConfigurationIsVisible = 0;
			defaultConfigurationName = Release;
		};
/* End XCConfigurationList section */

/* Begin XCVersionGroup section */
		962BD79E197C1B8C00FD0156 /* Dictionary.xcdatamodeld */ = {
			isa = XCVersionGroup;
			children = (
				962BD79F197C1B8C00FD0156 /* Dictionary.xcdatamodel */,
			);
			currentVersion = 962BD79F197C1B8C00FD0156 /* Dictionary.xcdatamodel */;
			path = Dictionary.xcdatamodeld;
			sourceTree = "<group>";
			versionGroupType = wrapper.xcdatamodel;
		};
/* End XCVersionGroup section */
	};
	rootObject = 96D2BE4519686A5F0071E548 /* Project object */;
}
